// !$*UTF8*$!
{
	archiveVersion = 1;
	classes = {
	};
	objectVersion = 46;
	objects = {

/* Begin PBXBuildFile section */
		F79FA57C1A944C1C00555DC7 /* AppDelegate.swift in Sources */ = {isa = PBXBuildFile; fileRef = F79FA57B1A944C1C00555DC7 /* AppDelegate.swift */; };
		F79FA57E1A944C1C00555DC7 /* ViewController.swift in Sources */ = {isa = PBXBuildFile; fileRef = F79FA57D1A944C1C00555DC7 /* ViewController.swift */; };
		F79FA5811A944C1C00555DC7 /* Main.storyboard in Resources */ = {isa = PBXBuildFile; fileRef = F79FA57F1A944C1C00555DC7 /* Main.storyboard */; };
		F79FA5831A944C1C00555DC7 /* Images.xcassets in Resources */ = {isa = PBXBuildFile; fileRef = F79FA5821A944C1C00555DC7 /* Images.xcassets */; };
		F79FA5921A944C1C00555DC7 /* MailboxTests.swift in Sources */ = {isa = PBXBuildFile; fileRef = F79FA5911A944C1C00555DC7 /* MailboxTests.swift */; };
/* End PBXBuildFile section */

/* Begin PBXContainerItemProxy section */
		F79FA58C1A944C1C00555DC7 /* PBXContainerItemProxy */ = {
			isa = PBXContainerItemProxy;
			containerPortal = F79FA56E1A944C1C00555DC7 /* Project object */;
			proxyType = 1;
			remoteGlobalIDString = F79FA5751A944C1C00555DC7;
			remoteInfo = Mailbox;
		};
/* End PBXContainerItemProxy section */

/* Begin PBXFileReference section */
		F79FA5761A944C1C00555DC7 /* Mailbox.app */ = {isa = PBXFileReference; explicitFileType = wrapper.application; includeInIndex = 0; path = Mailbox.app; sourceTree = BUILT_PRODUCTS_DIR; };
		F79FA57A1A944C1C00555DC7 /* Info.plist */ = {isa = PBXFileReference; lastKnownFileType = text.plist.xml; path = Info.plist; sourceTree = "<group>"; };
		F79FA57B1A944C1C00555DC7 /* AppDelegate.swift */ = {isa = PBXFileReference; lastKnownFileType = sourcecode.swift; path = AppDelegate.swift; sourceTree = "<group>"; };
		F79FA57D1A944C1C00555DC7 /* ViewController.swift */ = {isa = PBXFileReference; lastKnownFileType = sourcecode.swift; path = ViewController.swift; sourceTree = "<group>"; };
		F79FA5801A944C1C00555DC7 /* Base */ = {isa = PBXFileReference; lastKnownFileType = file.storyboard; name = Base; path = Base.lproj/Main.storyboard; sourceTree = "<group>"; };
		F79FA5821A944C1C00555DC7 /* Images.xcassets */ = {isa = PBXFileReference; lastKnownFileType = folder.assetcatalog; path = Images.xcassets; sourceTree = "<group>"; };
		F79FA58B1A944C1C00555DC7 /* MailboxTests.xctest */ = {isa = PBXFileReference; explicitFileType = wrapper.cfbundle; includeInIndex = 0; path = MailboxTests.xctest; sourceTree = BUILT_PRODUCTS_DIR; };
		F79FA5901A944C1C00555DC7 /* Info.plist */ = {isa = PBXFileReference; lastKnownFileType = text.plist.xml; path = Info.plist; sourceTree = "<group>"; };
		F79FA5911A944C1C00555DC7 /* MailboxTests.swift */ = {isa = PBXFileReference; lastKnownFileType = sourcecode.swift; path = MailboxTests.swift; sourceTree = "<group>"; };
/* End PBXFileReference section */

/* Begin PBXFrameworksBuildPhase section */
		F79FA5731A944C1C00555DC7 /* Frameworks */ = {
			isa = PBXFrameworksBuildPhase;
			buildActionMask = 2147483647;
			files = (
			);
			runOnlyForDeploymentPostprocessing = 0;
		};
		F79FA5881A944C1C00555DC7 /* Frameworks */ = {
			isa = PBXFrameworksBuildPhase;
			buildActionMask = 2147483647;
			files = (
			);
			runOnlyForDeploymentPostprocessing = 0;
		};
/* End PBXFrameworksBuildPhase section */

/* Begin PBXGroup section */
		F79FA56D1A944C1C00555DC7 = {
			isa = PBXGroup;
			children = (
				F79FA5781A944C1C00555DC7 /* Mailbox */,
				F79FA58E1A944C1C00555DC7 /* MailboxTests */,
				F79FA5771A944C1C00555DC7 /* Products */,
			);
			sourceTree = "<group>";
		};
		F79FA5771A944C1C00555DC7 /* Products */ = {
			isa = PBXGroup;
			children = (
				F79FA5761A944C1C00555DC7 /* Mailbox.app */,
				F79FA58B1A944C1C00555DC7 /* MailboxTests.xctest */,
			);
			name = Products;
			sourceTree = "<group>";
		};
		F79FA5781A944C1C00555DC7 /* Mailbox */ = {
			isa = PBXGroup;
			children = (
				F79FA57B1A944C1C00555DC7 /* AppDelegate.swift */,
				F79FA57D1A944C1C00555DC7 /* ViewController.swift */,
				F79FA57F1A944C1C00555DC7 /* Main.storyboard */,
				F79FA5821A944C1C00555DC7 /* Images.xcassets */,
				F79FA5791A944C1C00555DC7 /* Supporting Files */,
			);
			path = Mailbox;
			sourceTree = "<group>";
		};
		F79FA5791A944C1C00555DC7 /* Supporting Files */ = {
			isa = PBXGroup;
			children = (
				F79FA57A1A944C1C00555DC7 /* Info.plist */,
			);
			name = "Supporting Files";
			sourceTree = "<group>";
		};
		F79FA58E1A944C1C00555DC7 /* MailboxTests */ = {
			isa = PBXGroup;
			children = (
				F79FA5911A944C1C00555DC7 /* MailboxTests.swift */,
				F79FA58F1A944C1C00555DC7 /* Supporting Files */,
			);
			path = MailboxTests;
			sourceTree = "<group>";
		};
		F79FA58F1A944C1C00555DC7 /* Supporting Files */ = {
			isa = PBXGroup;
			children = (
				F79FA5901A944C1C00555DC7 /* Info.plist */,
			);
			name = "Supporting Files";
			sourceTree = "<group>";
		};
/* End PBXGroup section */

/* Begin PBXNativeTarget section */
		F79FA5751A944C1C00555DC7 /* Mailbox */ = {
			isa = PBXNativeTarget;
			buildConfigurationList = F79FA5951A944C1C00555DC7 /* Build configuration list for PBXNativeTarget "Mailbox" */;
			buildPhases = (
				F79FA5721A944C1C00555DC7 /* Sources */,
				F79FA5731A944C1C00555DC7 /* Frameworks */,
				F79FA5741A944C1C00555DC7 /* Resources */,
			);
			buildRules = (
			);
			dependencies = (
			);
			name = Mailbox;
			productName = Mailbox;
			productReference = F79FA5761A944C1C00555DC7 /* Mailbox.app */;
			productType = "com.apple.product-type.application";
		};
		F79FA58A1A944C1C00555DC7 /* MailboxTests */ = {
			isa = PBXNativeTarget;
			buildConfigurationList = F79FA5981A944C1C00555DC7 /* Build configuration list for PBXNativeTarget "MailboxTests" */;
			buildPhases = (
				F79FA5871A944C1C00555DC7 /* Sources */,
				F79FA5881A944C1C00555DC7 /* Frameworks */,
				F79FA5891A944C1C00555DC7 /* Resources */,
			);
			buildRules = (
			);
			dependencies = (
				F79FA58D1A944C1C00555DC7 /* PBXTargetDependency */,
			);
			name = MailboxTests;
			productName = MailboxTests;
			productReference = F79FA58B1A944C1C00555DC7 /* MailboxTests.xctest */;
			productType = "com.apple.product-type.bundle.unit-test";
		};
/* End PBXNativeTarget section */

/* Begin PBXProject section */
		F79FA56E1A944C1C00555DC7 /* Project object */ = {
			isa = PBXProject;
			attributes = {
				LastUpgradeCheck = 0610;
				ORGANIZATIONNAME = Codepath;
				TargetAttributes = {
					F79FA5751A944C1C00555DC7 = {
						CreatedOnToolsVersion = 6.1.1;
					};
					F79FA58A1A944C1C00555DC7 = {
						CreatedOnToolsVersion = 6.1.1;
						TestTargetID = F79FA5751A944C1C00555DC7;
					};
				};
			};
			buildConfigurationList = F79FA5711A944C1C00555DC7 /* Build configuration list for PBXProject "Mailbox" */;
			compatibilityVersion = "Xcode 3.2";
			developmentRegion = English;
			hasScannedForEncodings = 0;
			knownRegions = (
				en,
				Base,
			);
			mainGroup = F79FA56D1A944C1C00555DC7;
			productRefGroup = F79FA5771A944C1C00555DC7 /* Products */;
			projectDirPath = "";
			projectRoot = "";
			targets = (
				F79FA5751A944C1C00555DC7 /* Mailbox */,
				F79FA58A1A944C1C00555DC7 /* MailboxTests */,
			);
		};
/* End PBXProject section */

/* Begin PBXResourcesBuildPhase section */
		F79FA5741A944C1C00555DC7 /* Resources */ = {
			isa = PBXResourcesBuildPhase;
			buildActionMask = 2147483647;
			files = (
				F79FA5811A944C1C00555DC7 /* Main.storyboard in Resources */,
				F79FA5831A944C1C00555DC7 /* Images.xcassets in Resources */,
			);
			runOnlyForDeploymentPostprocessing = 0;
		};
		F79FA5891A944C1C00555DC7 /* Resources */ = {
			isa = PBXResourcesBuildPhase;
			buildActionMask = 2147483647;
			files = (
			);
			runOnlyForDeploymentPostprocessing = 0;
		};
/* End PBXResourcesBuildPhase section */

/* Begin PBXSourcesBuildPhase section */
		F79FA5721A944C1C00555DC7 /* Sources */ = {
			isa = PBXSourcesBuildPhase;
			buildActionMask = 2147483647;
			files = (
				F79FA57E1A944C1C00555DC7 /* ViewController.swift in Sources */,
				F79FA57C1A944C1C00555DC7 /* AppDelegate.swift in Sources */,
			);
			runOnlyForDeploymentPostprocessing = 0;
		};
		F79FA5871A944C1C00555DC7 /* Sources */ = {
			isa = PBXSourcesBuildPhase;
			buildActionMask = 2147483647;
			files = (
				F79FA5921A944C1C00555DC7 /* MailboxTests.swift in Sources */,
			);
			runOnlyForDeploymentPostprocessing = 0;
		};
/* End PBXSourcesBuildPhase section */

/* Begin PBXTargetDependency section */
		F79FA58D1A944C1C00555DC7 /* PBXTargetDependency */ = {
			isa = PBXTargetDependency;
			target = F79FA5751A944C1C00555DC7 /* Mailbox */;
			targetProxy = F79FA58C1A944C1C00555DC7 /* PBXContainerItemProxy */;
		};
/* End PBXTargetDependency section */

/* Begin PBXVariantGroup section */
		F79FA57F1A944C1C00555DC7 /* Main.storyboard */ = {
			isa = PBXVariantGroup;
			children = (
				F79FA5801A944C1C00555DC7 /* Base */,
			);
			name = Main.storyboard;
			sourceTree = "<group>";
		};
/* End PBXVariantGroup section */

/* Begin XCBuildConfiguration section */
		F79FA5931A944C1C00555DC7 /* Debug */ = {
			isa = XCBuildConfiguration;
			buildSettings = {
				ALWAYS_SEARCH_USER_PATHS = NO;
				CLANG_CXX_LANGUAGE_STANDARD = "gnu++0x";
				CLANG_CXX_LIBRARY = "libc++";
				CLANG_ENABLE_MODULES = YES;
				CLANG_ENABLE_OBJC_ARC = YES;
				CLANG_WARN_BOOL_CONVERSION = YES;
				CLANG_WARN_CONSTANT_CONVERSION = YES;
				CLANG_WARN_DIRECT_OBJC_ISA_USAGE = YES_ERROR;
				CLANG_WARN_EMPTY_BODY = YES;
				CLANG_WARN_ENUM_CONVERSION = YES;
				CLANG_WARN_INT_CONVERSION = YES;
				CLANG_WARN_OBJC_ROOT_CLASS = YES_ERROR;
				CLANG_WARN_UNREACHABLE_CODE = YES;
				CLANG_WARN__DUPLICATE_METHOD_MATCH = YES;
				"CODE_SIGN_IDENTITY[sdk=iphoneos*]" = "iPhone Developer";
				COPY_PHASE_STRIP = NO;
				ENABLE_STRICT_OBJC_MSGSEND = YES;
				GCC_C_LANGUAGE_STANDARD = gnu99;
				GCC_DYNAMIC_NO_PIC = NO;
				GCC_OPTIMIZATION_LEVEL = 0;
				GCC_PREPROCESSOR_DEFINITIONS = (
					"DEBUG=1",
					"$(inherited)",
				);
				GCC_SYMBOLS_PRIVATE_EXTERN = NO;
				GCC_WARN_64_TO_32_BIT_CONVERSION = YES;
				GCC_WARN_ABOUT_RETURN_TYPE = YES_ERROR;
				GCC_WARN_UNDECLARED_SELECTOR = YES;
				GCC_WARN_UNINITIALIZED_AUTOS = YES_AGGRESSIVE;
				GCC_WARN_UNUSED_FUNCTION = YES;
				GCC_WARN_UNUSED_VARIABLE = YES;
				IPHONEOS_DEPLOYMENT_TARGET = 8.1;
				MTL_ENABLE_DEBUG_INFO = YES;
				ONLY_ACTIVE_ARCH = YES;
				SDKROOT = iphoneos;
				SWIFT_OPTIMIZATION_LEVEL = "-Onone";
			};
			name = Debug;
		};
		F79FA5941A944C1C00555DC7 /* Release */ = {
			isa = XCBuildConfiguration;
			buildSettings = {
				ALWAYS_SEARCH_USER_PATHS = NO;
				CLANG_CXX_LANGUAGE_STANDARD = "gnu++0x";
				CLANG_CXX_LIBRARY = "libc++";
				CLANG_ENABLE_MODULES = YES;
				CLANG_ENABLE_OBJC_ARC = YES;
				CLANG_WARN_BOOL_CONVERSION = YES;
				CLANG_WARN_CONSTANT_CONVERSION = YES;
				CLANG_WARN_DIRECT_OBJC_ISA_USAGE = YES_ERROR;
				CLANG_WARN_EMPTY_BODY = YES;
				CLANG_WARN_ENUM_CONVERSION = YES;
				CLANG_WARN_INT_CONVERSION = YES;
				CLANG_WARN_OBJC_ROOT_CLASS = YES_ERROR;
				CLANG_WARN_UNREACHABLE_CODE = YES;
				CLANG_WARN__DUPLICATE_METHOD_MATCH = YES;
				"CODE_SIGN_IDENTITY[sdk=iphoneos*]" = "iPhone Developer";
				COPY_PHASE_STRIP = YES;
				ENABLE_NS_ASSERTIONS = NO;
				ENABLE_STRICT_OBJC_MSGSEND = YES;
				GCC_C_LANGUAGE_STANDARD = gnu99;
				GCC_WARN_64_TO_32_BIT_CONVERSION = YES;
				GCC_WARN_ABOUT_RETURN_TYPE = YES_ERROR;
				GCC_WARN_UNDECLARED_SELECTOR = YES;
				GCC_WARN_UNINITIALIZED_AUTOS = YES_AGGRESSIVE;
				GCC_WARN_UNUSED_FUNCTION = YES;
				GCC_WARN_UNUSED_VARIABLE = YES;
				IPHONEOS_DEPLOYMENT_TARGET = 8.1;
				MTL_ENABLE_DEBUG_INFO = NO;
				SDKROOT = iphoneos;
				VALIDATE_PRODUCT = YES;
			};
			name = Release;
		};
		F79FA5961A944C1C00555DC7 /* Debug */ = {
			isa = XCBuildConfiguration;
			buildSettings = {
				ASSETCATALOG_COMPILER_APPICON_NAME = AppIcon;
				ASSETCATALOG_COMPILER_LAUNCHIMAGE_NAME = LaunchImage;
				INFOPLIST_FILE = Mailbox/Info.plist;
				LD_RUNPATH_SEARCH_PATHS = "$(inherited) @executable_path/Frameworks";
				PRODUCT_NAME = "$(TARGET_NAME)";
			};
			name = Debug;
		};
		F79FA5971A944C1C00555DC7 /* Release */ = {
			isa = XCBuildConfiguration;
			buildSettings = {
				ASSETCATALOG_COMPILER_APPICON_NAME = AppIcon;
				ASSETCATALOG_COMPILER_LAUNCHIMAGE_NAME = LaunchImage;
				INFOPLIST_FILE = Mailbox/Info.plist;
				LD_RUNPATH_SEARCH_PATHS = "$(inherited) @executable_path/Frameworks";
				PRODUCT_NAME = "$(TARGET_NAME)";
			};
			name = Release;
		};
		F79FA5991A944C1C00555DC7 /* Debug */ = {
			isa = XCBuildConfiguration;
			buildSettings = {
				BUNDLE_LOADER = "$(TEST_HOST)";
				FRAMEWORK_SEARCH_PATHS = (
					"$(SDKROOT)/Developer/Library/Frameworks",
					"$(inherited)",
				);
				GCC_PREPROCESSOR_DEFINITIONS = (
					"DEBUG=1",
					"$(inherited)",
				);
				INFOPLIST_FILE = MailboxTests/Info.plist;
				LD_RUNPATH_SEARCH_PATHS = "$(inherited) @executable_path/Frameworks @loader_path/Frameworks";
				PRODUCT_NAME = "$(TARGET_NAME)";
				TEST_HOST = "$(BUILT_PRODUCTS_DIR)/Mailbox.app/Mailbox";
			};
			name = Debug;
		};
		F79FA59A1A944C1C00555DC7 /* Release */ = {
			isa = XCBuildConfiguration;
			buildSettings = {
				BUNDLE_LOADER = "$(TEST_HOST)";
				FRAMEWORK_SEARCH_PATHS = (
					"$(SDKROOT)/Developer/Library/Frameworks",
					"$(inherited)",
				);
				INFOPLIST_FILE = MailboxTests/Info.plist;
				LD_RUNPATH_SEARCH_PATHS = "$(inherited) @executable_path/Frameworks @loader_path/Frameworks";
				PRODUCT_NAME = "$(TARGET_NAME)";
				TEST_HOST = "$(BUILT_PRODUCTS_DIR)/Mailbox.app/Mailbox";
			};
			name = Release;
		};
/* End XCBuildConfiguration section */

/* Begin XCConfigurationList section */
		F79FA5711A944C1C00555DC7 /* Build configuration list for PBXProject "Mailbox" */ = {
			isa = XCConfigurationList;
			buildConfigurations = (
				F79FA5931A944C1C00555DC7 /* Debug */,
				F79FA5941A944C1C00555DC7 /* Release */,
			);
			defaultConfigurationIsVisible = 0;
			defaultConfigurationName = Release;
		};
		F79FA5951A944C1C00555DC7 /* Build configuration list for PBXNativeTarget "Mailbox" */ = {
			isa = XCConfigurationList;
			buildConfigurations = (
				F79FA5961A944C1C00555DC7 /* Debug */,
				F79FA5971A944C1C00555DC7 /* Release */,
			);
			defaultConfigurationIsVisible = 0;
		};
		F79FA5981A944C1C00555DC7 /* Build configuration list for PBXNativeTarget "MailboxTests" */ = {
			isa = XCConfigurationList;
			buildConfigurations = (
				F79FA5991A944C1C00555DC7 /* Debug */,
				F79FA59A1A944C1C00555DC7 /* Release */,
			);
			defaultConfigurationIsVisible = 0;
		};
/* End XCConfigurationList section */
	};
	rootObject = F79FA56E1A944C1C00555DC7 /* Project object */;
}
